// !$*UTF8*$!
{
	archiveVersion = 1;
	classes = {
	};
	objectVersion = 77;
	objects = {

/* Begin PBXBuildFile section */
		08FCC96A2CFF299A00BA956A /* AppDelegate.swift in Sources */ = {isa = PBXBuildFile; fileRef = 08FCC9602CFF299A00BA956A /* AppDelegate.swift */; };
		08FCC96B2CFF299A00BA956A /* SceneDelegate.swift in Sources */ = {isa = PBXBuildFile; fileRef = 08FCC9672CFF299A00BA956A /* SceneDelegate.swift */; };
		08FCC96C2CFF299A00BA956A /* HomeViewController.swift in Sources */ = {isa = PBXBuildFile; fileRef = 08FCC9682CFF299A00BA956A /* HomeViewController.swift */; };
		08FCC96D2CFF299A00BA956A /* Assets.xcassets in Resources */ = {isa = PBXBuildFile; fileRef = 08FCC9612CFF299A00BA956A /* Assets.xcassets */; };
		08FCC96F2CFF299A00BA956A /* LaunchScreen.storyboard in Resources */ = {isa = PBXBuildFile; fileRef = 08FCC9642CFF299A00BA956A /* LaunchScreen.storyboard */; };
		08FCC9862D00410300BA956A /* HomeView.swift in Sources */ = {isa = PBXBuildFile; fileRef = 08FCC9852D00410300BA956A /* HomeView.swift */; };
		08FCC9892D00420E00BA956A /* StepCountCardView.swift in Sources */ = {isa = PBXBuildFile; fileRef = 08FCC9882D00420E00BA956A /* StepCountCardView.swift */; };
/* End PBXBuildFile section */

/* Begin PBXContainerItemProxy section */
		08FCC9432CFF291E00BA956A /* PBXContainerItemProxy */ = {
			isa = PBXContainerItemProxy;
			containerPortal = 08FCC9242CFF291D00BA956A /* Project object */;
			proxyType = 1;
			remoteGlobalIDString = 08FCC92B2CFF291D00BA956A;
			remoteInfo = PracStepCount;
		};
		08FCC94D2CFF291E00BA956A /* PBXContainerItemProxy */ = {
			isa = PBXContainerItemProxy;
			containerPortal = 08FCC9242CFF291D00BA956A /* Project object */;
			proxyType = 1;
			remoteGlobalIDString = 08FCC92B2CFF291D00BA956A;
			remoteInfo = PracStepCount;
		};
/* End PBXContainerItemProxy section */

/* Begin PBXFileReference section */
		08FCC92C2CFF291D00BA956A /* PracStepCount.app */ = {isa = PBXFileReference; explicitFileType = wrapper.application; includeInIndex = 0; path = PracStepCount.app; sourceTree = BUILT_PRODUCTS_DIR; };
		08FCC9422CFF291E00BA956A /* PracStepCountTests.xctest */ = {isa = PBXFileReference; explicitFileType = wrapper.cfbundle; includeInIndex = 0; path = PracStepCountTests.xctest; sourceTree = BUILT_PRODUCTS_DIR; };
		08FCC94C2CFF291E00BA956A /* PracStepCountUITests.xctest */ = {isa = PBXFileReference; explicitFileType = wrapper.cfbundle; includeInIndex = 0; path = PracStepCountUITests.xctest; sourceTree = BUILT_PRODUCTS_DIR; };
		08FCC9602CFF299A00BA956A /* AppDelegate.swift */ = {isa = PBXFileReference; lastKnownFileType = sourcecode.swift; path = AppDelegate.swift; sourceTree = "<group>"; };
		08FCC9612CFF299A00BA956A /* Assets.xcassets */ = {isa = PBXFileReference; lastKnownFileType = folder.assetcatalog; path = Assets.xcassets; sourceTree = "<group>"; };
		08FCC9622CFF299A00BA956A /* Info.plist */ = {isa = PBXFileReference; lastKnownFileType = text.plist.xml; path = Info.plist; sourceTree = "<group>"; };
		08FCC9632CFF299A00BA956A /* Base */ = {isa = PBXFileReference; lastKnownFileType = file.storyboard; name = Base; path = Base.lproj/LaunchScreen.storyboard; sourceTree = "<group>"; };
		08FCC9672CFF299A00BA956A /* SceneDelegate.swift */ = {isa = PBXFileReference; lastKnownFileType = sourcecode.swift; path = SceneDelegate.swift; sourceTree = "<group>"; };
		08FCC9682CFF299A00BA956A /* HomeViewController.swift */ = {isa = PBXFileReference; lastKnownFileType = sourcecode.swift; path = HomeViewController.swift; sourceTree = "<group>"; };
		08FCC9852D00410300BA956A /* HomeView.swift */ = {isa = PBXFileReference; lastKnownFileType = sourcecode.swift; path = HomeView.swift; sourceTree = "<group>"; };
		08FCC9882D00420E00BA956A /* StepCountCardView.swift */ = {isa = PBXFileReference; lastKnownFileType = sourcecode.swift; path = StepCountCardView.swift; sourceTree = "<group>"; };
/* End PBXFileReference section */

/* Begin PBXFileSystemSynchronizedRootGroup section */
		08FCC9452CFF291E00BA956A /* PracStepCountTests */ = {
			isa = PBXFileSystemSynchronizedRootGroup;
			path = PracStepCountTests;
			sourceTree = "<group>";
		};
		08FCC94F2CFF291E00BA956A /* PracStepCountUITests */ = {
			isa = PBXFileSystemSynchronizedRootGroup;
			path = PracStepCountUITests;
			sourceTree = "<group>";
		};
/* End PBXFileSystemSynchronizedRootGroup section */

/* Begin PBXFrameworksBuildPhase section */
		08FCC9292CFF291D00BA956A /* Frameworks */ = {
			isa = PBXFrameworksBuildPhase;
			buildActionMask = 2147483647;
			files = (
			);
			runOnlyForDeploymentPostprocessing = 0;
		};
		08FCC93F2CFF291E00BA956A /* Frameworks */ = {
			isa = PBXFrameworksBuildPhase;
			buildActionMask = 2147483647;
			files = (
			);
			runOnlyForDeploymentPostprocessing = 0;
		};
		08FCC9492CFF291E00BA956A /* Frameworks */ = {
			isa = PBXFrameworksBuildPhase;
			buildActionMask = 2147483647;
			files = (
			);
			runOnlyForDeploymentPostprocessing = 0;
		};
/* End PBXFrameworksBuildPhase section */

/* Begin PBXGroup section */
		08FCC9232CFF291D00BA956A = {
			isa = PBXGroup;
			children = (
				08FCC9692CFF299A00BA956A /* PracStepCount */,
				08FCC9452CFF291E00BA956A /* PracStepCountTests */,
				08FCC94F2CFF291E00BA956A /* PracStepCountUITests */,
				08FCC92D2CFF291D00BA956A /* Products */,
			);
			sourceTree = "<group>";
		};
		08FCC92D2CFF291D00BA956A /* Products */ = {
			isa = PBXGroup;
			children = (
				08FCC92C2CFF291D00BA956A /* PracStepCount.app */,
				08FCC9422CFF291E00BA956A /* PracStepCountTests.xctest */,
				08FCC94C2CFF291E00BA956A /* PracStepCountUITests.xctest */,
			);
			name = Products;
			sourceTree = "<group>";
		};
		08FCC9692CFF299A00BA956A /* PracStepCount */ = {
			isa = PBXGroup;
			children = (
				08FCC9712CFF29A500BA956A /* App */,
				08FCC9722CFF29B100BA956A /* Features */,
				08FCC9872D0041F500BA956A /* Common */,
				08FCC9782CFF2A3200BA956A /* Resources */,
				08FCC9622CFF299A00BA956A /* Info.plist */,
			);
			path = PracStepCount;
			sourceTree = "<group>";
		};
		08FCC9712CFF29A500BA956A /* App */ = {
			isa = PBXGroup;
			children = (
				08FCC9602CFF299A00BA956A /* AppDelegate.swift */,
				08FCC9672CFF299A00BA956A /* SceneDelegate.swift */,
			);
			path = App;
			sourceTree = "<group>";
		};
		08FCC9722CFF29B100BA956A /* Features */ = {
			isa = PBXGroup;
			children = (
				08FCC9732CFF29C000BA956A /* Launch */,
				08FCC9742CFF29C600BA956A /* Home */,
			);
			path = Features;
			sourceTree = "<group>";
		};
		08FCC9732CFF29C000BA956A /* Launch */ = {
			isa = PBXGroup;
			children = (
				08FCC9752CFF29D100BA956A /* UI */,
			);
			path = Launch;
			sourceTree = "<group>";
		};
		08FCC9742CFF29C600BA956A /* Home */ = {
			isa = PBXGroup;
			children = (
				08FCC9762CFF29F900BA956A /* UI */,
			);
			path = Home;
			sourceTree = "<group>";
		};
		08FCC9752CFF29D100BA956A /* UI */ = {
			isa = PBXGroup;
			children = (
				08FCC9642CFF299A00BA956A /* LaunchScreen.storyboard */,
			);
			path = UI;
			sourceTree = "<group>";
		};
		08FCC9762CFF29F900BA956A /* UI */ = {
			isa = PBXGroup;
			children = (
				08FCC9682CFF299A00BA956A /* HomeViewController.swift */,
				08FCC9852D00410300BA956A /* HomeView.swift */,
			);
			path = UI;
			sourceTree = "<group>";
		};
		08FCC9782CFF2A3200BA956A /* Resources */ = {
			isa = PBXGroup;
			children = (
				08FCC9612CFF299A00BA956A /* Assets.xcassets */,
			);
			path = Resources;
			sourceTree = "<group>";
		};
		08FCC9872D0041F500BA956A /* Common */ = {
			isa = PBXGroup;
			children = (
				08FCC9882D00420E00BA956A /* StepCountCardView.swift */,
			);
			path = Common;
			sourceTree = "<group>";
		};
/* End PBXGroup section */

/* Begin PBXNativeTarget section */
		08FCC92B2CFF291D00BA956A /* PracStepCount */ = {
			isa = PBXNativeTarget;
			buildConfigurationList = 08FCC9552CFF291E00BA956A /* Build configuration list for PBXNativeTarget "PracStepCount" */;
			buildPhases = (
				08FCC9282CFF291D00BA956A /* Sources */,
				08FCC9292CFF291D00BA956A /* Frameworks */,
				08FCC92A2CFF291D00BA956A /* Resources */,
			);
			buildRules = (
			);
			dependencies = (
			);
			name = PracStepCount;
			packageProductDependencies = (
			);
			productName = PracStepCount;
			productReference = 08FCC92C2CFF291D00BA956A /* PracStepCount.app */;
			productType = "com.apple.product-type.application";
		};
		08FCC9412CFF291E00BA956A /* PracStepCountTests */ = {
			isa = PBXNativeTarget;
			buildConfigurationList = 08FCC95A2CFF291E00BA956A /* Build configuration list for PBXNativeTarget "PracStepCountTests" */;
			buildPhases = (
				08FCC93E2CFF291E00BA956A /* Sources */,
				08FCC93F2CFF291E00BA956A /* Frameworks */,
				08FCC9402CFF291E00BA956A /* Resources */,
			);
			buildRules = (
			);
			dependencies = (
				08FCC9442CFF291E00BA956A /* PBXTargetDependency */,
			);
			fileSystemSynchronizedGroups = (
				08FCC9452CFF291E00BA956A /* PracStepCountTests */,
			);
			name = PracStepCountTests;
			packageProductDependencies = (
			);
			productName = PracStepCountTests;
			productReference = 08FCC9422CFF291E00BA956A /* PracStepCountTests.xctest */;
			productType = "com.apple.product-type.bundle.unit-test";
		};
		08FCC94B2CFF291E00BA956A /* PracStepCountUITests */ = {
			isa = PBXNativeTarget;
			buildConfigurationList = 08FCC95D2CFF291E00BA956A /* Build configuration list for PBXNativeTarget "PracStepCountUITests" */;
			buildPhases = (
				08FCC9482CFF291E00BA956A /* Sources */,
				08FCC9492CFF291E00BA956A /* Frameworks */,
				08FCC94A2CFF291E00BA956A /* Resources */,
			);
			buildRules = (
			);
			dependencies = (
				08FCC94E2CFF291E00BA956A /* PBXTargetDependency */,
			);
			fileSystemSynchronizedGroups = (
				08FCC94F2CFF291E00BA956A /* PracStepCountUITests */,
			);
			name = PracStepCountUITests;
			packageProductDependencies = (
			);
			productName = PracStepCountUITests;
			productReference = 08FCC94C2CFF291E00BA956A /* PracStepCountUITests.xctest */;
			productType = "com.apple.product-type.bundle.ui-testing";
		};
/* End PBXNativeTarget section */

/* Begin PBXProject section */
		08FCC9242CFF291D00BA956A /* Project object */ = {
			isa = PBXProject;
			attributes = {
				BuildIndependentTargetsInParallel = 1;
				LastSwiftUpdateCheck = 1610;
				LastUpgradeCheck = 1610;
				TargetAttributes = {
					08FCC92B2CFF291D00BA956A = {
						CreatedOnToolsVersion = 16.1;
					};
					08FCC9412CFF291E00BA956A = {
						CreatedOnToolsVersion = 16.1;
						TestTargetID = 08FCC92B2CFF291D00BA956A;
					};
					08FCC94B2CFF291E00BA956A = {
						CreatedOnToolsVersion = 16.1;
						TestTargetID = 08FCC92B2CFF291D00BA956A;
					};
				};
			};
			buildConfigurationList = 08FCC9272CFF291D00BA956A /* Build configuration list for PBXProject "PracStepCount" */;
			developmentRegion = en;
			hasScannedForEncodings = 0;
			knownRegions = (
				en,
				Base,
			);
			mainGroup = 08FCC9232CFF291D00BA956A;
			minimizedProjectReferenceProxies = 1;
			preferredProjectObjectVersion = 77;
			productRefGroup = 08FCC92D2CFF291D00BA956A /* Products */;
			projectDirPath = "";
			projectRoot = "";
			targets = (
				08FCC92B2CFF291D00BA956A /* PracStepCount */,
				08FCC9412CFF291E00BA956A /* PracStepCountTests */,
				08FCC94B2CFF291E00BA956A /* PracStepCountUITests */,
			);
		};
/* End PBXProject section */

/* Begin PBXResourcesBuildPhase section */
		08FCC92A2CFF291D00BA956A /* Resources */ = {
			isa = PBXResourcesBuildPhase;
			buildActionMask = 2147483647;
			files = (
				08FCC96D2CFF299A00BA956A /* Assets.xcassets in Resources */,
				08FCC96F2CFF299A00BA956A /* LaunchScreen.storyboard in Resources */,
			);
			runOnlyForDeploymentPostprocessing = 0;
		};
		08FCC9402CFF291E00BA956A /* Resources */ = {
			isa = PBXResourcesBuildPhase;
			buildActionMask = 2147483647;
			files = (
			);
			runOnlyForDeploymentPostprocessing = 0;
		};
		08FCC94A2CFF291E00BA956A /* Resources */ = {
			isa = PBXResourcesBuildPhase;
			buildActionMask = 2147483647;
			files = (
			);
			runOnlyForDeploymentPostprocessing = 0;
		};
/* End PBXResourcesBuildPhase section */

/* Begin PBXSourcesBuildPhase section */
		08FCC9282CFF291D00BA956A /* Sources */ = {
			isa = PBXSourcesBuildPhase;
			buildActionMask = 2147483647;
			files = (
				08FCC96A2CFF299A00BA956A /* AppDelegate.swift in Sources */,
				08FCC9862D00410300BA956A /* HomeView.swift in Sources */,
				08FCC96B2CFF299A00BA956A /* SceneDelegate.swift in Sources */,
				08FCC96C2CFF299A00BA956A /* HomeViewController.swift in Sources */,
				08FCC9892D00420E00BA956A /* StepCountCardView.swift in Sources */,
			);
			runOnlyForDeploymentPostprocessing = 0;
		};
		08FCC93E2CFF291E00BA956A /* Sources */ = {
			isa = PBXSourcesBuildPhase;
			buildActionMask = 2147483647;
			files = (
			);
			runOnlyForDeploymentPostprocessing = 0;
		};
		08FCC9482CFF291E00BA956A /* Sources */ = {
			isa = PBXSourcesBuildPhase;
			buildActionMask = 2147483647;
			files = (
			);
			runOnlyForDeploymentPostprocessing = 0;
		};
/* End PBXSourcesBuildPhase section */

/* Begin PBXTargetDependency section */
		08FCC9442CFF291E00BA956A /* PBXTargetDependency */ = {
			isa = PBXTargetDependency;
			target = 08FCC92B2CFF291D00BA956A /* PracStepCount */;
			targetProxy = 08FCC9432CFF291E00BA956A /* PBXContainerItemProxy */;
		};
		08FCC94E2CFF291E00BA956A /* PBXTargetDependency */ = {
			isa = PBXTargetDependency;
			target = 08FCC92B2CFF291D00BA956A /* PracStepCount */;
			targetProxy = 08FCC94D2CFF291E00BA956A /* PBXContainerItemProxy */;
		};
/* End PBXTargetDependency section */

/* Begin PBXVariantGroup section */
		08FCC9642CFF299A00BA956A /* LaunchScreen.storyboard */ = {
			isa = PBXVariantGroup;
			children = (
				08FCC9632CFF299A00BA956A /* Base */,
			);
			name = LaunchScreen.storyboard;
			sourceTree = "<group>";
		};
/* End PBXVariantGroup section */

/* Begin XCBuildConfiguration section */
		08FCC9562CFF291E00BA956A /* Debug */ = {
			isa = XCBuildConfiguration;
			buildSettings = {
				ASSETCATALOG_COMPILER_APPICON_NAME = AppIcon;
				ASSETCATALOG_COMPILER_GLOBAL_ACCENT_COLOR_NAME = AccentColor;
				CODE_SIGN_STYLE = Automatic;
				CURRENT_PROJECT_VERSION = 1;
				DEVELOPMENT_TEAM = AX94CTZN8D;
				GENERATE_INFOPLIST_FILE = YES;
				INFOPLIST_FILE = PracStepCount/Info.plist;
				INFOPLIST_KEY_CFBundleDisplayName = "Step Count";
				INFOPLIST_KEY_UIApplicationSupportsIndirectInputEvents = YES;
				INFOPLIST_KEY_UILaunchStoryboardName = LaunchScreen;
				INFOPLIST_KEY_UISupportedInterfaceOrientations = UIInterfaceOrientationPortrait;
				INFOPLIST_KEY_UISupportedInterfaceOrientations_iPad = "UIInterfaceOrientationLandscapeLeft UIInterfaceOrientationLandscapeRight UIInterfaceOrientationPortrait UIInterfaceOrientationPortraitUpsideDown";
				IPHONEOS_DEPLOYMENT_TARGET = 13.0;
				LD_RUNPATH_SEARCH_PATHS = (
					"$(inherited)",
					"@executable_path/Frameworks",
				);
				MARKETING_VERSION = 0.0.0;
				PRODUCT_BUNDLE_IDENTIFIER = com.James.PracStepCount;
				PRODUCT_NAME = "$(TARGET_NAME)";
				SUPPORTED_PLATFORMS = "iphoneos iphonesimulator";
				SUPPORTS_MACCATALYST = NO;
				SUPPORTS_MAC_DESIGNED_FOR_IPHONE_IPAD = NO;
				SUPPORTS_XR_DESIGNED_FOR_IPHONE_IPAD = NO;
				SWIFT_EMIT_LOC_STRINGS = YES;
				SWIFT_VERSION = 5.0;
				TARGETED_DEVICE_FAMILY = 1;
			};
			name = Debug;
		};
		08FCC9572CFF291E00BA956A /* Release */ = {
			isa = XCBuildConfiguration;
			buildSettings = {
				ASSETCATALOG_COMPILER_APPICON_NAME = AppIcon;
				ASSETCATALOG_COMPILER_GLOBAL_ACCENT_COLOR_NAME = AccentColor;
				CODE_SIGN_STYLE = Automatic;
				CURRENT_PROJECT_VERSION = 1;
				DEVELOPMENT_TEAM = AX94CTZN8D;
				GENERATE_INFOPLIST_FILE = YES;
				INFOPLIST_FILE = PracStepCount/Info.plist;
				INFOPLIST_KEY_CFBundleDisplayName = "Step Count";
				INFOPLIST_KEY_UIApplicationSupportsIndirectInputEvents = YES;
				INFOPLIST_KEY_UILaunchStoryboardName = LaunchScreen;
				INFOPLIST_KEY_UISupportedInterfaceOrientations = UIInterfaceOrientationPortrait;
				INFOPLIST_KEY_UISupportedInterfaceOrientations_iPad = "UIInterfaceOrientationLandscapeLeft UIInterfaceOrientationLandscapeRight UIInterfaceOrientationPortrait UIInterfaceOrientationPortraitUpsideDown";
				IPHONEOS_DEPLOYMENT_TARGET = 13.0;
				LD_RUNPATH_SEARCH_PATHS = (
					"$(inherited)",
					"@executable_path/Frameworks",
				);
				MARKETING_VERSION = 0.0.0;
				PRODUCT_BUNDLE_IDENTIFIER = com.James.PracStepCount;
				PRODUCT_NAME = "$(TARGET_NAME)";
				SUPPORTED_PLATFORMS = "iphoneos iphonesimulator";
				SUPPORTS_MACCATALYST = NO;
				SUPPORTS_MAC_DESIGNED_FOR_IPHONE_IPAD = NO;
				SUPPORTS_XR_DESIGNED_FOR_IPHONE_IPAD = NO;
				SWIFT_EMIT_LOC_STRINGS = YES;
				SWIFT_VERSION = 5.0;
				TARGETED_DEVICE_FAMILY = 1;
			};
			name = Release;
		};
		08FCC9582CFF291E00BA956A /* Debug */ = {
			isa = XCBuildConfiguration;
			buildSettings = {
				ALWAYS_SEARCH_USER_PATHS = NO;
				ASSETCATALOG_COMPILER_GENERATE_SWIFT_ASSET_SYMBOL_EXTENSIONS = YES;
				CLANG_ANALYZER_NONNULL = YES;
				CLANG_ANALYZER_NUMBER_OBJECT_CONVERSION = YES_AGGRESSIVE;
				CLANG_CXX_LANGUAGE_STANDARD = "gnu++20";
				CLANG_ENABLE_MODULES = YES;
				CLANG_ENABLE_OBJC_ARC = YES;
				CLANG_ENABLE_OBJC_WEAK = YES;
				CLANG_WARN_BLOCK_CAPTURE_AUTORELEASING = YES;
				CLANG_WARN_BOOL_CONVERSION = YES;
				CLANG_WARN_COMMA = YES;
				CLANG_WARN_CONSTANT_CONVERSION = YES;
				CLANG_WARN_DEPRECATED_OBJC_IMPLEMENTATIONS = YES;
				CLANG_WARN_DIRECT_OBJC_ISA_USAGE = YES_ERROR;
				CLANG_WARN_DOCUMENTATION_COMMENTS = YES;
				CLANG_WARN_EMPTY_BODY = YES;
				CLANG_WARN_ENUM_CONVERSION = YES;
				CLANG_WARN_INFINITE_RECURSION = YES;
				CLANG_WARN_INT_CONVERSION = YES;
				CLANG_WARN_NON_LITERAL_NULL_CONVERSION = YES;
				CLANG_WARN_OBJC_IMPLICIT_RETAIN_SELF = YES;
				CLANG_WARN_OBJC_LITERAL_CONVERSION = YES;
				CLANG_WARN_OBJC_ROOT_CLASS = YES_ERROR;
				CLANG_WARN_QUOTED_INCLUDE_IN_FRAMEWORK_HEADER = YES;
				CLANG_WARN_RANGE_LOOP_ANALYSIS = YES;
				CLANG_WARN_STRICT_PROTOTYPES = YES;
				CLANG_WARN_SUSPICIOUS_MOVE = YES;
				CLANG_WARN_UNGUARDED_AVAILABILITY = YES_AGGRESSIVE;
				CLANG_WARN_UNREACHABLE_CODE = YES;
				CLANG_WARN__DUPLICATE_METHOD_MATCH = YES;
				COPY_PHASE_STRIP = NO;
				DEBUG_INFORMATION_FORMAT = dwarf;
				ENABLE_STRICT_OBJC_MSGSEND = YES;
				ENABLE_TESTABILITY = YES;
				ENABLE_USER_SCRIPT_SANDBOXING = YES;
				GCC_C_LANGUAGE_STANDARD = gnu17;
				GCC_DYNAMIC_NO_PIC = NO;
				GCC_NO_COMMON_BLOCKS = YES;
				GCC_OPTIMIZATION_LEVEL = 0;
				GCC_PREPROCESSOR_DEFINITIONS = (
					"DEBUG=1",
					"$(inherited)",
				);
				GCC_WARN_64_TO_32_BIT_CONVERSION = YES;
				GCC_WARN_ABOUT_RETURN_TYPE = YES_ERROR;
				GCC_WARN_UNDECLARED_SELECTOR = YES;
				GCC_WARN_UNINITIALIZED_AUTOS = YES_AGGRESSIVE;
				GCC_WARN_UNUSED_FUNCTION = YES;
				GCC_WARN_UNUSED_VARIABLE = YES;
				IPHONEOS_DEPLOYMENT_TARGET = 18.1;
				LOCALIZATION_PREFERS_STRING_CATALOGS = YES;
				MTL_ENABLE_DEBUG_INFO = INCLUDE_SOURCE;
				MTL_FAST_MATH = YES;
				ONLY_ACTIVE_ARCH = YES;
				SDKROOT = iphoneos;
				SWIFT_ACTIVE_COMPILATION_CONDITIONS = "DEBUG $(inherited)";
				SWIFT_OPTIMIZATION_LEVEL = "-Onone";
			};
			name = Debug;
		};
		08FCC9592CFF291E00BA956A /* Release */ = {
			isa = XCBuildConfiguration;
			buildSettings = {
				ALWAYS_SEARCH_USER_PATHS = NO;
				ASSETCATALOG_COMPILER_GENERATE_SWIFT_ASSET_SYMBOL_EXTENSIONS = YES;
				CLANG_ANALYZER_NONNULL = YES;
				CLANG_ANALYZER_NUMBER_OBJECT_CONVERSION = YES_AGGRESSIVE;
				CLANG_CXX_LANGUAGE_STANDARD = "gnu++20";
				CLANG_ENABLE_MODULES = YES;
				CLANG_ENABLE_OBJC_ARC = YES;
				CLANG_ENABLE_OBJC_WEAK = YES;
				CLANG_WARN_BLOCK_CAPTURE_AUTORELEASING = YES;
				CLANG_WARN_BOOL_CONVERSION = YES;
				CLANG_WARN_COMMA = YES;
				CLANG_WARN_CONSTANT_CONVERSION = YES;
				CLANG_WARN_DEPRECATED_OBJC_IMPLEMENTATIONS = YES;
				CLANG_WARN_DIRECT_OBJC_ISA_USAGE = YES_ERROR;
				CLANG_WARN_DOCUMENTATION_COMMENTS = YES;
				CLANG_WARN_EMPTY_BODY = YES;
				CLANG_WARN_ENUM_CONVERSION = YES;
				CLANG_WARN_INFINITE_RECURSION = YES;
				CLANG_WARN_INT_CONVERSION = YES;
				CLANG_WARN_NON_LITERAL_NULL_CONVERSION = YES;
				CLANG_WARN_OBJC_IMPLICIT_RETAIN_SELF = YES;
				CLANG_WARN_OBJC_LITERAL_CONVERSION = YES;
				CLANG_WARN_OBJC_ROOT_CLASS = YES_ERROR;
				CLANG_WARN_QUOTED_INCLUDE_IN_FRAMEWORK_HEADER = YES;
				CLANG_WARN_RANGE_LOOP_ANALYSIS = YES;
				CLANG_WARN_STRICT_PROTOTYPES = YES;
				CLANG_WARN_SUSPICIOUS_MOVE = YES;
				CLANG_WARN_UNGUARDED_AVAILABILITY = YES_AGGRESSIVE;
				CLANG_WARN_UNREACHABLE_CODE = YES;
				CLANG_WARN__DUPLICATE_METHOD_MATCH = YES;
				COPY_PHASE_STRIP = NO;
				DEBUG_INFORMATION_FORMAT = "dwarf-with-dsym";
				ENABLE_NS_ASSERTIONS = NO;
				ENABLE_STRICT_OBJC_MSGSEND = YES;
				ENABLE_USER_SCRIPT_SANDBOXING = YES;
				GCC_C_LANGUAGE_STANDARD = gnu17;
				GCC_NO_COMMON_BLOCKS = YES;
				GCC_WARN_64_TO_32_BIT_CONVERSION = YES;
				GCC_WARN_ABOUT_RETURN_TYPE = YES_ERROR;
				GCC_WARN_UNDECLARED_SELECTOR = YES;
				GCC_WARN_UNINITIALIZED_AUTOS = YES_AGGRESSIVE;
				GCC_WARN_UNUSED_FUNCTION = YES;
				GCC_WARN_UNUSED_VARIABLE = YES;
				IPHONEOS_DEPLOYMENT_TARGET = 18.1;
				LOCALIZATION_PREFERS_STRING_CATALOGS = YES;
				MTL_ENABLE_DEBUG_INFO = NO;
				MTL_FAST_MATH = YES;
				SDKROOT = iphoneos;
				SWIFT_COMPILATION_MODE = wholemodule;
				VALIDATE_PRODUCT = YES;
			};
			name = Release;
		};
		08FCC95B2CFF291E00BA956A /* Debug */ = {
			isa = XCBuildConfiguration;
			buildSettings = {
				BUNDLE_LOADER = "$(TEST_HOST)";
				CODE_SIGN_STYLE = Automatic;
				CURRENT_PROJECT_VERSION = 1;
				DEVELOPMENT_TEAM = AX94CTZN8D;
				GENERATE_INFOPLIST_FILE = YES;
				IPHONEOS_DEPLOYMENT_TARGET = 18.1;
				MARKETING_VERSION = 1.0;
				PRODUCT_BUNDLE_IDENTIFIER = com.James.PracStepCountTests;
				PRODUCT_NAME = "$(TARGET_NAME)";
				SWIFT_EMIT_LOC_STRINGS = NO;
				SWIFT_VERSION = 5.0;
				TARGETED_DEVICE_FAMILY = "1,2";
				TEST_HOST = "$(BUILT_PRODUCTS_DIR)/PracStepCount.app/$(BUNDLE_EXECUTABLE_FOLDER_PATH)/PracStepCount";
			};
			name = Debug;
		};
		08FCC95C2CFF291E00BA956A /* Release */ = {
			isa = XCBuildConfiguration;
			buildSettings = {
				BUNDLE_LOADER = "$(TEST_HOST)";
				CODE_SIGN_STYLE = Automatic;
				CURRENT_PROJECT_VERSION = 1;
				DEVELOPMENT_TEAM = AX94CTZN8D;
				GENERATE_INFOPLIST_FILE = YES;
				IPHONEOS_DEPLOYMENT_TARGET = 18.1;
				MARKETING_VERSION = 1.0;
				PRODUCT_BUNDLE_IDENTIFIER = com.James.PracStepCountTests;
				PRODUCT_NAME = "$(TARGET_NAME)";
				SWIFT_EMIT_LOC_STRINGS = NO;
				SWIFT_VERSION = 5.0;
				TARGETED_DEVICE_FAMILY = "1,2";
				TEST_HOST = "$(BUILT_PRODUCTS_DIR)/PracStepCount.app/$(BUNDLE_EXECUTABLE_FOLDER_PATH)/PracStepCount";
			};
			name = Release;
		};
		08FCC95E2CFF291E00BA956A /* Debug */ = {
			isa = XCBuildConfiguration;
			buildSettings = {
				CODE_SIGN_STYLE = Automatic;
				CURRENT_PROJECT_VERSION = 1;
				DEVELOPMENT_TEAM = AX94CTZN8D;
				GENERATE_INFOPLIST_FILE = YES;
				MARKETING_VERSION = 1.0;
				PRODUCT_BUNDLE_IDENTIFIER = com.James.PracStepCountUITests;
				PRODUCT_NAME = "$(TARGET_NAME)";
				SWIFT_EMIT_LOC_STRINGS = NO;
				SWIFT_VERSION = 5.0;
				TARGETED_DEVICE_FAMILY = "1,2";
				TEST_TARGET_NAME = PracStepCount;
			};
			name = Debug;
		};
		08FCC95F2CFF291E00BA956A /* Release */ = {
			isa = XCBuildConfiguration;
			buildSettings = {
				CODE_SIGN_STYLE = Automatic;
				CURRENT_PROJECT_VERSION = 1;
				DEVELOPMENT_TEAM = AX94CTZN8D;
				GENERATE_INFOPLIST_FILE = YES;
				MARKETING_VERSION = 1.0;
				PRODUCT_BUNDLE_IDENTIFIER = com.James.PracStepCountUITests;
				PRODUCT_NAME = "$(TARGET_NAME)";
				SWIFT_EMIT_LOC_STRINGS = NO;
				SWIFT_VERSION = 5.0;
				TARGETED_DEVICE_FAMILY = "1,2";
				TEST_TARGET_NAME = PracStepCount;
			};
			name = Release;
		};
/* End XCBuildConfiguration section */

/* Begin XCConfigurationList section */
		08FCC9272CFF291D00BA956A /* Build configuration list for PBXProject "PracStepCount" */ = {
			isa = XCConfigurationList;
			buildConfigurations = (
				08FCC9582CFF291E00BA956A /* Debug */,
				08FCC9592CFF291E00BA956A /* Release */,
			);
			defaultConfigurationIsVisible = 0;
			defaultConfigurationName = Release;
		};
		08FCC9552CFF291E00BA956A /* Build configuration list for PBXNativeTarget "PracStepCount" */ = {
			isa = XCConfigurationList;
			buildConfigurations = (
				08FCC9562CFF291E00BA956A /* Debug */,
				08FCC9572CFF291E00BA956A /* Release */,
			);
			defaultConfigurationIsVisible = 0;
			defaultConfigurationName = Release;
		};
		08FCC95A2CFF291E00BA956A /* Build configuration list for PBXNativeTarget "PracStepCountTests" */ = {
			isa = XCConfigurationList;
			buildConfigurations = (
				08FCC95B2CFF291E00BA956A /* Debug */,
				08FCC95C2CFF291E00BA956A /* Release */,
			);
			defaultConfigurationIsVisible = 0;
			defaultConfigurationName = Release;
		};
		08FCC95D2CFF291E00BA956A /* Build configuration list for PBXNativeTarget "PracStepCountUITests" */ = {
			isa = XCConfigurationList;
			buildConfigurations = (
				08FCC95E2CFF291E00BA956A /* Debug */,
				08FCC95F2CFF291E00BA956A /* Release */,
			);
			defaultConfigurationIsVisible = 0;
			defaultConfigurationName = Release;
		};
/* End XCConfigurationList section */
	};
	rootObject = 08FCC9242CFF291D00BA956A /* Project object */;
}
